{
  "version": 1,
  "dependencies": {
    "net10.0": {
      "Ical.Net": {
        "type": "Direct",
        "requested": "[4.3.1, )",
        "resolved": "4.3.1",
        "contentHash": "ZQHNJAy26XeW0OnVRxyHW1xNWkLdueIInPCo76sdNCC0Sr8dAfBzN3DApWWk2r0nwCU0oJIGsrFHdCcQu5RWag==",
        "dependencies": {
          "NodaTime": "3.2.0"
        }
      },
      "NodaTime": {
        "type": "Transitive",
        "resolved": "3.2.0",
        "contentHash": "yoRA3jEJn8NM0/rQm78zuDNPA3DonNSZdsorMUj+dltc1D+/Lc5h9YXGqbEEZozMGr37lAoYkcSM/KjTVqD0ow=="
      }
    },
    "net10.0/win-x64": {}
  }
}